
Microsoft Visual Studio Solution File, Format Version 12.00
# Visual Studio Version 17
VisualStudioVersion = 17.0.32112.339
MinimumVisualStudioVersion = 10.0.40219.1
Project("{FAE04EC0-301F-11D3-BF4B-00C04F79EFBC}") = "Assignment13", "Assignment13\Assignment13.csproj", "{13856481-8EFC-4EEC-AFD1-89DA031ACF3C}"
EndProject
Global
	GlobalSection(SolutionConfigurationPlatforms) = preSolution
		Debug|Any CPU = Debug|Any CPU
		Release|Any CPU = Release|Any CPU
	EndGlobalSection
	GlobalSection(ProjectConfigurationPlatforms) = postSolution
		{13856481-8EFC-4EEC-AFD1-89DA031ACF3C}.Debug|Any CPU.ActiveCfg = Debug|Any CPU
		{13856481-8EFC-4EEC-AFD1-89DA031ACF3C}.Debug|Any CPU.Build.0 = Debug|Any CPU
		{13856481-8EFC-4EEC-AFD1-89DA031ACF3C}.Release|Any CPU.ActiveCfg = Release|Any CPU
		{13856481-8EFC-4EEC-AFD1-89DA031ACF3C}.Release|Any CPU.Build.0 = Release|Any CPU
	EndGlobalSection
	GlobalSection(SolutionProperties) = preSolution
		HideSolutionNode = FALSE
	EndGlobalSection
	GlobalSection(ExtensibilityGlobals) = postSolution
		SolutionGuid = {C97C5514-B099-40EB-9866-DB3F716FAB4A}
	EndGlobalSection
EndGlobal
